{
    "name": "runtime",
    "lockfileVersion": 3,
    "requires": true,
    "packages": {
        "": {
            "dependencies": {
                "@bjorn3/browser_wasi_shim": "^0.4.1",
                "@progrium/duplex": "^0.2.1",
                "cbor-x": "^1.6.0",
                "js-untar": "^2.0.0"
            }
        },
        "node_modules/@bjorn3/browser_wasi_shim": {
            "version": "0.4.2",
            "resolved": "https://registry.npmjs.org/@bjorn3/browser_wasi_shim/-/browser_wasi_shim-0.4.2.tgz",
            "integrity": "sha512-/iHkCVUG3VbcbmEHn5iIUpIrh7a7WPiwZ3sHy4HZKZzBdSadwdddYDZAII2zBvQYV0Lfi8naZngPCN7WPHI/hA==",
            "license": "MIT OR Apache-2.0"
        },
        "node_modules/@cbor-extract/cbor-extract-darwin-arm64": {
            "version": "2.2.0",
            "resolved": "https://registry.npmjs.org/@cbor-extract/cbor-extract-darwin-arm64/-/cbor-extract-darwin-arm64-2.2.0.tgz",
            "integrity": "sha512-P7swiOAdF7aSi0H+tHtHtr6zrpF3aAq/W9FXx5HektRvLTM2O89xCyXF3pk7pLc7QpaY7AoaE8UowVf9QBdh3w==",
            "cpu": [
                "arm64"
            ],
            "license": "MIT",
            "optional": true,
            "os": [
                "darwin"
            ]
        },
        "node_modules/@cbor-extract/cbor-extract-darwin-x64": {
            "version": "2.2.0",
            "resolved": "https://registry.npmjs.org/@cbor-extract/cbor-extract-darwin-x64/-/cbor-extract-darwin-x64-2.2.0.tgz",
            "integrity": "sha512-1liF6fgowph0JxBbYnAS7ZlqNYLf000Qnj4KjqPNW4GViKrEql2MgZnAsExhY9LSy8dnvA4C0qHEBgPrll0z0w==",
            "cpu": [
                "x64"
            ],
            "license": "MIT",
            "optional": true,
            "os": [
                "darwin"
            ]
        },
        "node_modules/@cbor-extract/cbor-extract-linux-arm": {
            "version": "2.2.0",
            "resolved": "https://registry.npmjs.org/@cbor-extract/cbor-extract-linux-arm/-/cbor-extract-linux-arm-2.2.0.tgz",
            "integrity": "sha512-QeBcBXk964zOytiedMPQNZr7sg0TNavZeuUCD6ON4vEOU/25+pLhNN6EDIKJ9VLTKaZ7K7EaAriyYQ1NQ05s/Q==",
            "cpu": [
                "arm"
            ],
            "license": "MIT",
            "optional": true,
            "os": [
                "linux"
            ]
        },
        "node_modules/@cbor-extract/cbor-extract-linux-arm64": {
            "version": "2.2.0",
            "resolved": "https://registry.npmjs.org/@cbor-extract/cbor-extract-linux-arm64/-/cbor-extract-linux-arm64-2.2.0.tgz",
            "integrity": "sha512-rQvhNmDuhjTVXSPFLolmQ47/ydGOFXtbR7+wgkSY0bdOxCFept1hvg59uiLPT2fVDuJFuEy16EImo5tE2x3RsQ==",
            "cpu": [
                "arm64"
            ],
            "license": "MIT",
            "optional": true,
            "os": [
                "linux"
            ]
        },
        "node_modules/@cbor-extract/cbor-extract-linux-x64": {
            "version": "2.2.0",
            "resolved": "https://registry.npmjs.org/@cbor-extract/cbor-extract-linux-x64/-/cbor-extract-linux-x64-2.2.0.tgz",
            "integrity": "sha512-cWLAWtT3kNLHSvP4RKDzSTX9o0wvQEEAj4SKvhWuOVZxiDAeQazr9A+PSiRILK1VYMLeDml89ohxCnUNQNQNCw==",
            "cpu": [
                "x64"
            ],
            "license": "MIT",
            "optional": true,
            "os": [
                "linux"
            ]
        },
        "node_modules/@cbor-extract/cbor-extract-win32-x64": {
            "version": "2.2.0",
            "resolved": "https://registry.npmjs.org/@cbor-extract/cbor-extract-win32-x64/-/cbor-extract-win32-x64-2.2.0.tgz",
            "integrity": "sha512-l2M+Z8DO2vbvADOBNLbbh9y5ST1RY5sqkWOg/58GkUPBYou/cuNZ68SGQ644f1CvZ8kcOxyZtw06+dxWHIoN/w==",
            "cpu": [
                "x64"
            ],
            "license": "MIT",
            "optional": true,
            "os": [
                "win32"
            ]
        },
        "node_modules/@progrium/duplex": {
            "version": "0.2.1",
            "resolved": "https://registry.npmjs.org/@progrium/duplex/-/duplex-0.2.1.tgz",
            "integrity": "sha512-TqiRGlsYNIchjWsDyrGCWXmGTILc3GFO+zTtRgYv1skezf8NZUVopqxddlIYumwLiz4mhcA9oe2XpvYLXpatlQ==",
            "license": "MIT",
            "dependencies": {
                "ws": "^8.13.0"
            }
        },
        "node_modules/cbor-extract": {
            "version": "2.2.0",
            "resolved": "https://registry.npmjs.org/cbor-extract/-/cbor-extract-2.2.0.tgz",
            "integrity": "sha512-Ig1zM66BjLfTXpNgKpvBePq271BPOvu8MR0Jl080yG7Jsl+wAZunfrwiwA+9ruzm/WEdIV5QF/bjDZTqyAIVHA==",
            "hasInstallScript": true,
            "license": "MIT",
            "optional": true,
            "dependencies": {
                "node-gyp-build-optional-packages": "5.1.1"
            },
            "bin": {
                "download-cbor-prebuilds": "bin/download-prebuilds.js"
            },
            "optionalDependencies": {
                "@cbor-extract/cbor-extract-darwin-arm64": "2.2.0",
                "@cbor-extract/cbor-extract-darwin-x64": "2.2.0",
                "@cbor-extract/cbor-extract-linux-arm": "2.2.0",
                "@cbor-extract/cbor-extract-linux-arm64": "2.2.0",
                "@cbor-extract/cbor-extract-linux-x64": "2.2.0",
                "@cbor-extract/cbor-extract-win32-x64": "2.2.0"
            }
        },
        "node_modules/cbor-x": {
            "version": "1.6.0",
            "resolved": "https://registry.npmjs.org/cbor-x/-/cbor-x-1.6.0.tgz",
            "integrity": "sha512-0kareyRwHSkL6ws5VXHEf8uY1liitysCVJjlmhaLG+IXLqhSaOO+t63coaso7yjwEzWZzLy8fJo06gZDVQM9Qg==",
            "license": "MIT",
            "optionalDependencies": {
                "cbor-extract": "^2.2.0"
            }
        },
        "node_modules/detect-libc": {
            "version": "2.0.4",
            "resolved": "https://registry.npmjs.org/detect-libc/-/detect-libc-2.0.4.tgz",
            "integrity": "sha512-3UDv+G9CsCKO1WKMGw9fwq/SWJYbI0c5Y7LU1AXYoDdbhE2AHQ6N6Nb34sG8Fj7T5APy8qXDCKuuIHd1BR0tVA==",
            "license": "Apache-2.0",
            "optional": true,
            "engines": {
                "node": ">=8"
            }
        },
        "node_modules/js-untar": {
            "version": "2.0.0",
            "resolved": "https://registry.npmjs.org/js-untar/-/js-untar-2.0.0.tgz",
            "integrity": "sha512-7CsDLrYQMbLxDt2zl9uKaPZSdmJMvGGQ7wo9hoB3J+z/VcO2w63bXFgHVnjF1+S9wD3zAu8FBVj7EYWjTQ3Z7g==",
            "license": "MIT"
        },
        "node_modules/node-gyp-build-optional-packages": {
            "version": "5.1.1",
            "resolved": "https://registry.npmjs.org/node-gyp-build-optional-packages/-/node-gyp-build-optional-packages-5.1.1.tgz",
            "integrity": "sha512-+P72GAjVAbTxjjwUmwjVrqrdZROD4nf8KgpBoDxqXXTiYZZt/ud60dE5yvCSr9lRO8e8yv6kgJIC0K0PfZFVQw==",
            "license": "MIT",
            "optional": true,
            "dependencies": {
                "detect-libc": "^2.0.1"
            },
            "bin": {
                "node-gyp-build-optional-packages": "bin.js",
                "node-gyp-build-optional-packages-optional": "optional.js",
                "node-gyp-build-optional-packages-test": "build-test.js"
            }
        },
        "node_modules/ws": {
            "version": "8.18.3",
            "resolved": "https://registry.npmjs.org/ws/-/ws-8.18.3.tgz",
            "integrity": "sha512-PEIGCY5tSlUt50cqyMXfCzX+oOPqN0vuGqWzbcJ2xvnkzkq46oOpz7dQaTDBdfICb4N14+GARUDw2XV2N4tvzg==",
            "license": "MIT",
            "engines": {
                "node": ">=10.0.0"
            },
            "peerDependencies": {
                "bufferutil": "^4.0.1",
                "utf-8-validate": ">=5.0.2"
            },
            "peerDependenciesMeta": {
                "bufferutil": {
                    "optional": true
                },
                "utf-8-validate": {
                    "optional": true
                }
            }
        }
    }
}
