github.com/evanw/esbuild v0.28.0 h1:V96ghtc5p5JnNUQIUsc5H3kr+AcFcMqOJll2ZmJW6Lo=
github.com/evanw/esbuild v0.28.0/go.mod h1:D2vIQZqV/vIf/VRHtViaUtViZmG7o+kKmlBfVQuRi48=
github.com/progrium/sys-wasm v0.0.0-20240620081741-5ccc4fc17421 h1:rZxY8XmF6OkSGkgyBabEVxOkpq8uoHiA7ud7Gf5Xd+Q=
github.com/progrium/sys-wasm v0.0.0-20240620081741-5ccc4fc17421/go.mod h1:/VUhepiaJMQUp4+oa/7Zr1D23ma6VTLIYjOOTFZPUcA=
