github.com/evanw/esbuild v0.28.0 h1:V96ghtc5p5JnNUQIUsc5H3kr+AcFcMqOJll2ZmJW6Lo=
github.com/evanw/esbuild v0.28.0/go.mod h1:D2vIQZqV/vIf/VRHtViaUtViZmG7o+kKmlBfVQuRi48=
github.com/hugelgupf/socketpair v0.0.0-20230822150718-707395b1939a h1:Nq7wDsqsVBUBfGn8yB1M028ShWTKTtZBcafaTJ35N0s=
github.com/hugelgupf/socketpair v0.0.0-20230822150718-707395b1939a/go.mod h1:71Bqb5Fh9zPHF8jwdmMEmJObzr25Mx5pWLbDBMMEn6E=
github.com/progrium/p9 v0.0.0-20251108235831-1c1dfeb38c1e h1:+qqlsH4r/1Y9O1F/WPklEtzDYnbYeWEmjFAY35O+SQ8=
github.com/progrium/p9 v0.0.0-20251108235831-1c1dfeb38c1e/go.mod h1:LoNwfBWP+QlCkjS1GFNylCthRIk/TkMZd6ICTbC+hrI=
github.com/progrium/sys-wasm v0.0.0-20240620081741-5ccc4fc17421 h1:rZxY8XmF6OkSGkgyBabEVxOkpq8uoHiA7ud7Gf5Xd+Q=
github.com/progrium/sys-wasm v0.0.0-20240620081741-5ccc4fc17421/go.mod h1:/VUhepiaJMQUp4+oa/7Zr1D23ma6VTLIYjOOTFZPUcA=
github.com/u-root/uio v0.0.0-20240224005618-d2acac8f3701 h1:pyC9PaHYZFgEKFdlp3G8RaCKgVpHZnecvArXvPXcFkM=
github.com/u-root/uio v0.0.0-20240224005618-d2acac8f3701/go.mod h1:P3a5rG4X7tI17Nn3aOIAYr5HbIMukwXG0urG0WuL8OA=
tractor.dev/toolkit-go v0.0.0-20250103001615-9a6753936c19 h1:ODcU8zhYvUtfGJ3KeMhtlA942ScAQMT3KU0O1oBg8Sw=
tractor.dev/toolkit-go v0.0.0-20250103001615-9a6753936c19/go.mod h1:vI9Jf9tepHLrUqGQf7XZuRcQySNajWRKBjPD4+Ay72I=
tractor.dev/wanix v0.0.0-20260430024630-620f178de142 h1:DfgvjQVQ0HXUpdCPT9ru1jNEkLkSjJS5MWMBGvH8n5M=
tractor.dev/wanix v0.0.0-20260430024630-620f178de142/go.mod h1:lZ5cfBMPKHLwan+muWxDYx/qlsZEItGqy/0/UXUcEI0=
